
Microsoft Visual Studio Solution File, Format Version 12.00
# Visual Studio 14
VisualStudioVersion = 14.0.25420.1
MinimumVisualStudioVersion = 10.0.40219.1
Project("{2150E333-8FDC-42A3-9474-1A3956D46DE8}") = "src", "src", "{9A9ECA4C-94BB-4C8A-A537-D2C551E4CE42}"
EndProject
Project("{2150E333-8FDC-42A3-9474-1A3956D46DE8}") = "Solution Items", "Solution Items", "{20DC1BEA-D5BF-491D-8C99-1B961E27CBDF}"
	ProjectSection(SolutionItems) = preProject
		global.json = global.json
	EndProjectSection
EndProject
Project("{8BB2217D-0F2D-49D1-97BC-3654ED321F3B}") = "NJLFramework.WebApi", "src\NJLFramework.WebApi\NJLFramework.WebApi.xproj", "{BC3C2CD0-A14A-49C1-8533-8CA6BF8025B1}"
EndProject
Project("{8BB2217D-0F2D-49D1-97BC-3654ED321F3B}") = "NJLFramework.Base", "src\NJLFramework.Base\NJLFramework.Base.xproj", "{B69ADE6A-B658-4DF9-98E2-0D73E9775C3D}"
EndProject
Project("{8BB2217D-0F2D-49D1-97BC-3654ED321F3B}") = "NJLFramework.Config", "src\NJLFramework.Config\NJLFramework.Config.xproj", "{BD035A14-F210-48B4-AE05-8CD660E102F7}"
EndProject
Project("{8BB2217D-0F2D-49D1-97BC-3654ED321F3B}") = "NJLFramework.Database", "src\NJLFramework.Database\NJLFramework.Database.xproj", "{34AE8F86-C934-438E-BC59-7C0AB6B2A4CC}"
EndProject
Project("{8BB2217D-0F2D-49D1-97BC-3654ED321F3B}") = "NJLFramework.Model", "src\NJLFramework.Model\NJLFramework.Model.xproj", "{5C3B0AF8-3E0B-46F6-9A97-0FA6475D2548}"
EndProject
Project("{8BB2217D-0F2D-49D1-97BC-3654ED321F3B}") = "NJLFramework.UserLog", "src\NJLFramework.UserLog\NJLFramework.UserLog.xproj", "{F9886445-6F7C-4852-B90D-B11DB44647FE}"
EndProject
Project("{8BB2217D-0F2D-49D1-97BC-3654ED321F3B}") = "NJLFramework.DomainService", "src\NJLFramework.DomainService\NJLFramework.DomainService.xproj", "{242AC790-BA7F-432A-80B8-C5A04E4C1656}"
EndProject
Project("{8BB2217D-0F2D-49D1-97BC-3654ED321F3B}") = "NJLFramework.Redis", "src\NJLFramework.Redis\NJLFramework.Redis.xproj", "{0FBED1CC-777C-470C-93BA-419786A7ABC4}"
EndProject
Project("{8BB2217D-0F2D-49D1-97BC-3654ED321F3B}") = "NJLFramework.Cache", "src\NJLFramework.Cache\NJLFramework.Cache.xproj", "{247F1357-70A2-4F31-AB9A-A9F8FFB8E8FC}"
EndProject
Project("{8BB2217D-0F2D-49D1-97BC-3654ED321F3B}") = "NJLFramework.AuditsFlow", "src\NJLFramework.AuditsFlow\NJLFramework.AuditsFlow.xproj", "{03DB4CBA-6049-48ED-9EC9-1C67BC141C54}"
EndProject
Project("{8BB2217D-0F2D-49D1-97BC-3654ED321F3B}") = "NJLFramework.Document", "src\NJLFramework.Document\NJLFramework.Document.xproj", "{75805528-3DDB-4693-8356-A7CE567C2216}"
EndProject
Project("{8BB2217D-0F2D-49D1-97BC-3654ED321F3B}") = "NJLFramework.Test", "src\NJLFramework.Test\NJLFramework.Test.xproj", "{419CABD6-CAAD-4AFF-81CD-C34963086EFB}"
EndProject
Project("{8BB2217D-0F2D-49D1-97BC-3654ED321F3B}") = "NJLFramework.Middleware", "src\NJLFramework.Middleware\NJLFramework.Middleware.xproj", "{918A67C7-43AF-4F01-9DC9-6EF0D07E1180}"
EndProject
Project("{2150E333-8FDC-42A3-9474-1A3956D46DE8}") = "01Base", "01Base", "{1E3715F6-788A-49D0-A4FD-3830626A8242}"
EndProject
Project("{2150E333-8FDC-42A3-9474-1A3956D46DE8}") = "02Compact", "02Compact", "{168E83AB-467B-4B90-9F91-9F5EF0AC4C8E}"
EndProject
Project("{2150E333-8FDC-42A3-9474-1A3956D46DE8}") = "03Business", "03Business", "{84BAE2CC-13BD-4427-A126-21BC96F4EC28}"
EndProject
Project("{2150E333-8FDC-42A3-9474-1A3956D46DE8}") = "04WebApi", "04WebApi", "{780BB442-15E8-4064-B32A-409754985DC7}"
EndProject
Project("{2150E333-8FDC-42A3-9474-1A3956D46DE8}") = "05Test", "05Test", "{53319C4D-21EE-4B97-AF2F-F636D322D419}"
EndProject
Project("{2150E333-8FDC-42A3-9474-1A3956D46DE8}") = "architecture", "architecture", "{CAB78BB6-213F-4351-AB99-1DAE4C733655}"
EndProject
Project("{F088123C-0E9E-452A-89E6-6BA2F21D5CAC}") = "NewProModeling", "ModelingProject1\NewProModeling.modelproj", "{37924D39-F1A1-4912-BBC8-150B71DE2BE8}"
EndProject
Project("{F088123C-0E9E-452A-89E6-6BA2F21D5CAC}") = "RightAuthentication", "RightAuthentication\RightAuthentication.modelproj", "{58DBE350-5068-40C7-BC95-5734606B10F4}"
EndProject
Project("{8BB2217D-0F2D-49D1-97BC-3654ED321F3B}") = "NJLFramework.Localization", "NJLFramework.Localization\NJLFramework.Localization.xproj", "{686FE8B6-3666-4108-B7A5-A465FDEDF6DE}"
EndProject
Global
	GlobalSection(SolutionConfigurationPlatforms) = preSolution
		Debug|Any CPU = Debug|Any CPU
		Release|Any CPU = Release|Any CPU
	EndGlobalSection
	GlobalSection(ProjectConfigurationPlatforms) = postSolution
		{BC3C2CD0-A14A-49C1-8533-8CA6BF8025B1}.Debug|Any CPU.ActiveCfg = Debug|Any CPU
		{BC3C2CD0-A14A-49C1-8533-8CA6BF8025B1}.Debug|Any CPU.Build.0 = Debug|Any CPU
		{BC3C2CD0-A14A-49C1-8533-8CA6BF8025B1}.Debug|Any CPU.Deploy.0 = Debug|Any CPU
		{BC3C2CD0-A14A-49C1-8533-8CA6BF8025B1}.Release|Any CPU.ActiveCfg = Release|Any CPU
		{BC3C2CD0-A14A-49C1-8533-8CA6BF8025B1}.Release|Any CPU.Build.0 = Release|Any CPU
		{B69ADE6A-B658-4DF9-98E2-0D73E9775C3D}.Debug|Any CPU.ActiveCfg = Debug|Any CPU
		{B69ADE6A-B658-4DF9-98E2-0D73E9775C3D}.Debug|Any CPU.Build.0 = Debug|Any CPU
		{B69ADE6A-B658-4DF9-98E2-0D73E9775C3D}.Release|Any CPU.ActiveCfg = Release|Any CPU
		{B69ADE6A-B658-4DF9-98E2-0D73E9775C3D}.Release|Any CPU.Build.0 = Release|Any CPU
		{BD035A14-F210-48B4-AE05-8CD660E102F7}.Debug|Any CPU.ActiveCfg = Debug|Any CPU
		{BD035A14-F210-48B4-AE05-8CD660E102F7}.Debug|Any CPU.Build.0 = Debug|Any CPU
		{BD035A14-F210-48B4-AE05-8CD660E102F7}.Release|Any CPU.ActiveCfg = Release|Any CPU
		{BD035A14-F210-48B4-AE05-8CD660E102F7}.Release|Any CPU.Build.0 = Release|Any CPU
		{34AE8F86-C934-438E-BC59-7C0AB6B2A4CC}.Debug|Any CPU.ActiveCfg = Debug|Any CPU
		{34AE8F86-C934-438E-BC59-7C0AB6B2A4CC}.Debug|Any CPU.Build.0 = Debug|Any CPU
		{34AE8F86-C934-438E-BC59-7C0AB6B2A4CC}.Release|Any CPU.ActiveCfg = Release|Any CPU
		{34AE8F86-C934-438E-BC59-7C0AB6B2A4CC}.Release|Any CPU.Build.0 = Release|Any CPU
		{5C3B0AF8-3E0B-46F6-9A97-0FA6475D2548}.Debug|Any CPU.ActiveCfg = Debug|Any CPU
		{5C3B0AF8-3E0B-46F6-9A97-0FA6475D2548}.Debug|Any CPU.Build.0 = Debug|Any CPU
		{5C3B0AF8-3E0B-46F6-9A97-0FA6475D2548}.Release|Any CPU.ActiveCfg = Release|Any CPU
		{5C3B0AF8-3E0B-46F6-9A97-0FA6475D2548}.Release|Any CPU.Build.0 = Release|Any CPU
		{F9886445-6F7C-4852-B90D-B11DB44647FE}.Debug|Any CPU.ActiveCfg = Debug|Any CPU
		{F9886445-6F7C-4852-B90D-B11DB44647FE}.Debug|Any CPU.Build.0 = Debug|Any CPU
		{F9886445-6F7C-4852-B90D-B11DB44647FE}.Release|Any CPU.ActiveCfg = Release|Any CPU
		{F9886445-6F7C-4852-B90D-B11DB44647FE}.Release|Any CPU.Build.0 = Release|Any CPU
		{242AC790-BA7F-432A-80B8-C5A04E4C1656}.Debug|Any CPU.ActiveCfg = Debug|Any CPU
		{242AC790-BA7F-432A-80B8-C5A04E4C1656}.Debug|Any CPU.Build.0 = Debug|Any CPU
		{242AC790-BA7F-432A-80B8-C5A04E4C1656}.Release|Any CPU.ActiveCfg = Release|Any CPU
		{242AC790-BA7F-432A-80B8-C5A04E4C1656}.Release|Any CPU.Build.0 = Release|Any CPU
		{0FBED1CC-777C-470C-93BA-419786A7ABC4}.Debug|Any CPU.ActiveCfg = Debug|Any CPU
		{0FBED1CC-777C-470C-93BA-419786A7ABC4}.Debug|Any CPU.Build.0 = Debug|Any CPU
		{0FBED1CC-777C-470C-93BA-419786A7ABC4}.Release|Any CPU.ActiveCfg = Release|Any CPU
		{0FBED1CC-777C-470C-93BA-419786A7ABC4}.Release|Any CPU.Build.0 = Release|Any CPU
		{247F1357-70A2-4F31-AB9A-A9F8FFB8E8FC}.Debug|Any CPU.ActiveCfg = Debug|Any CPU
		{247F1357-70A2-4F31-AB9A-A9F8FFB8E8FC}.Debug|Any CPU.Build.0 = Debug|Any CPU
		{247F1357-70A2-4F31-AB9A-A9F8FFB8E8FC}.Release|Any CPU.ActiveCfg = Release|Any CPU
		{247F1357-70A2-4F31-AB9A-A9F8FFB8E8FC}.Release|Any CPU.Build.0 = Release|Any CPU
		{03DB4CBA-6049-48ED-9EC9-1C67BC141C54}.Debug|Any CPU.ActiveCfg = Debug|Any CPU
		{03DB4CBA-6049-48ED-9EC9-1C67BC141C54}.Debug|Any CPU.Build.0 = Debug|Any CPU
		{03DB4CBA-6049-48ED-9EC9-1C67BC141C54}.Release|Any CPU.ActiveCfg = Release|Any CPU
		{03DB4CBA-6049-48ED-9EC9-1C67BC141C54}.Release|Any CPU.Build.0 = Release|Any CPU
		{75805528-3DDB-4693-8356-A7CE567C2216}.Debug|Any CPU.ActiveCfg = Debug|Any CPU
		{75805528-3DDB-4693-8356-A7CE567C2216}.Debug|Any CPU.Build.0 = Debug|Any CPU
		{75805528-3DDB-4693-8356-A7CE567C2216}.Release|Any CPU.ActiveCfg = Release|Any CPU
		{75805528-3DDB-4693-8356-A7CE567C2216}.Release|Any CPU.Build.0 = Release|Any CPU
		{419CABD6-CAAD-4AFF-81CD-C34963086EFB}.Debug|Any CPU.ActiveCfg = Debug|Any CPU
		{419CABD6-CAAD-4AFF-81CD-C34963086EFB}.Debug|Any CPU.Build.0 = Debug|Any CPU
		{419CABD6-CAAD-4AFF-81CD-C34963086EFB}.Release|Any CPU.ActiveCfg = Release|Any CPU
		{419CABD6-CAAD-4AFF-81CD-C34963086EFB}.Release|Any CPU.Build.0 = Release|Any CPU
		{918A67C7-43AF-4F01-9DC9-6EF0D07E1180}.Debug|Any CPU.ActiveCfg = Debug|Any CPU
		{918A67C7-43AF-4F01-9DC9-6EF0D07E1180}.Debug|Any CPU.Build.0 = Debug|Any CPU
		{918A67C7-43AF-4F01-9DC9-6EF0D07E1180}.Release|Any CPU.ActiveCfg = Release|Any CPU
		{918A67C7-43AF-4F01-9DC9-6EF0D07E1180}.Release|Any CPU.Build.0 = Release|Any CPU
		{37924D39-F1A1-4912-BBC8-150B71DE2BE8}.Debug|Any CPU.ActiveCfg = Debug|Any CPU
		{37924D39-F1A1-4912-BBC8-150B71DE2BE8}.Debug|Any CPU.Build.0 = Debug|Any CPU
		{37924D39-F1A1-4912-BBC8-150B71DE2BE8}.Release|Any CPU.ActiveCfg = Release|Any CPU
		{37924D39-F1A1-4912-BBC8-150B71DE2BE8}.Release|Any CPU.Build.0 = Release|Any CPU
		{58DBE350-5068-40C7-BC95-5734606B10F4}.Debug|Any CPU.ActiveCfg = Debug|Any CPU
		{58DBE350-5068-40C7-BC95-5734606B10F4}.Debug|Any CPU.Build.0 = Debug|Any CPU
		{58DBE350-5068-40C7-BC95-5734606B10F4}.Debug|Any CPU.Deploy.0 = Debug|Any CPU
		{58DBE350-5068-40C7-BC95-5734606B10F4}.Release|Any CPU.ActiveCfg = Release|Any CPU
		{58DBE350-5068-40C7-BC95-5734606B10F4}.Release|Any CPU.Build.0 = Release|Any CPU
		{686FE8B6-3666-4108-B7A5-A465FDEDF6DE}.Debug|Any CPU.ActiveCfg = Debug|Any CPU
		{686FE8B6-3666-4108-B7A5-A465FDEDF6DE}.Debug|Any CPU.Build.0 = Debug|Any CPU
		{686FE8B6-3666-4108-B7A5-A465FDEDF6DE}.Release|Any CPU.ActiveCfg = Release|Any CPU
		{686FE8B6-3666-4108-B7A5-A465FDEDF6DE}.Release|Any CPU.Build.0 = Release|Any CPU
	EndGlobalSection
	GlobalSection(SolutionProperties) = preSolution
		HideSolutionNode = FALSE
	EndGlobalSection
	GlobalSection(NestedProjects) = preSolution
		{BC3C2CD0-A14A-49C1-8533-8CA6BF8025B1} = {780BB442-15E8-4064-B32A-409754985DC7}
		{B69ADE6A-B658-4DF9-98E2-0D73E9775C3D} = {1E3715F6-788A-49D0-A4FD-3830626A8242}
		{BD035A14-F210-48B4-AE05-8CD660E102F7} = {1E3715F6-788A-49D0-A4FD-3830626A8242}
		{34AE8F86-C934-438E-BC59-7C0AB6B2A4CC} = {1E3715F6-788A-49D0-A4FD-3830626A8242}
		{5C3B0AF8-3E0B-46F6-9A97-0FA6475D2548} = {1E3715F6-788A-49D0-A4FD-3830626A8242}
		{F9886445-6F7C-4852-B90D-B11DB44647FE} = {168E83AB-467B-4B90-9F91-9F5EF0AC4C8E}
		{242AC790-BA7F-432A-80B8-C5A04E4C1656} = {84BAE2CC-13BD-4427-A126-21BC96F4EC28}
		{0FBED1CC-777C-470C-93BA-419786A7ABC4} = {168E83AB-467B-4B90-9F91-9F5EF0AC4C8E}
		{247F1357-70A2-4F31-AB9A-A9F8FFB8E8FC} = {1E3715F6-788A-49D0-A4FD-3830626A8242}
		{03DB4CBA-6049-48ED-9EC9-1C67BC141C54} = {168E83AB-467B-4B90-9F91-9F5EF0AC4C8E}
		{75805528-3DDB-4693-8356-A7CE567C2216} = {780BB442-15E8-4064-B32A-409754985DC7}
		{419CABD6-CAAD-4AFF-81CD-C34963086EFB} = {53319C4D-21EE-4B97-AF2F-F636D322D419}
		{918A67C7-43AF-4F01-9DC9-6EF0D07E1180} = {168E83AB-467B-4B90-9F91-9F5EF0AC4C8E}
		{1E3715F6-788A-49D0-A4FD-3830626A8242} = {9A9ECA4C-94BB-4C8A-A537-D2C551E4CE42}
		{168E83AB-467B-4B90-9F91-9F5EF0AC4C8E} = {9A9ECA4C-94BB-4C8A-A537-D2C551E4CE42}
		{84BAE2CC-13BD-4427-A126-21BC96F4EC28} = {9A9ECA4C-94BB-4C8A-A537-D2C551E4CE42}
		{780BB442-15E8-4064-B32A-409754985DC7} = {9A9ECA4C-94BB-4C8A-A537-D2C551E4CE42}
		{53319C4D-21EE-4B97-AF2F-F636D322D419} = {9A9ECA4C-94BB-4C8A-A537-D2C551E4CE42}
		{37924D39-F1A1-4912-BBC8-150B71DE2BE8} = {CAB78BB6-213F-4351-AB99-1DAE4C733655}
		{58DBE350-5068-40C7-BC95-5734606B10F4} = {CAB78BB6-213F-4351-AB99-1DAE4C733655}
		{686FE8B6-3666-4108-B7A5-A465FDEDF6DE} = {1E3715F6-788A-49D0-A4FD-3830626A8242}
	EndGlobalSection
EndGlobal
